
Microsoft Visual Studio Solution File, Format Version 12.00
# Visual Studio Version 17
VisualStudioVersion = 17.0.31903.59
MinimumVisualStudioVersion = 10.0.40219.1
Project("{FAE04EC0-301F-11D3-BF4B-00C04F79EFBC}") = "LeesSom.Shared", "LeesSom.Shared\LeesSom.Shared.csproj", "{06A14920-78D4-4E06-8621-4BA245FDF2DE}"
EndProject
Project("{FAE04EC0-301F-11D3-BF4B-00C04F79EFBC}") = "LeesSom.Client", "LeesSom.Client\LeesSom.Client.csproj", "{60504EE4-58E5-4263-831F-B5B607FDAB17}"
EndProject
Project("{FAE04EC0-301F-11D3-BF4B-00C04F79EFBC}") = "LeesSom.Server", "LeesSom.Server\LeesSom.Server.csproj", "{48BDE287-C4CE-4A0B-8BA8-56AA89D674D3}"
EndProject
Global
	GlobalSection(SolutionConfigurationPlatforms) = preSolution
		Debug|Any CPU = Debug|Any CPU
		Debug|x64 = Debug|x64
		Debug|x86 = Debug|x86
		Release|Any CPU = Release|Any CPU
		Release|x64 = Release|x64
		Release|x86 = Release|x86
	EndGlobalSection
	GlobalSection(ProjectConfigurationPlatforms) = postSolution
		{06A14920-78D4-4E06-8621-4BA245FDF2DE}.Debug|Any CPU.ActiveCfg = Debug|Any CPU
		{06A14920-78D4-4E06-8621-4BA245FDF2DE}.Debug|Any CPU.Build.0 = Debug|Any CPU
		{06A14920-78D4-4E06-8621-4BA245FDF2DE}.Debug|x64.ActiveCfg = Debug|Any CPU
		{06A14920-78D4-4E06-8621-4BA245FDF2DE}.Debug|x64.Build.0 = Debug|Any CPU
		{06A14920-78D4-4E06-8621-4BA245FDF2DE}.Debug|x86.ActiveCfg = Debug|Any CPU
		{06A14920-78D4-4E06-8621-4BA245FDF2DE}.Debug|x86.Build.0 = Debug|Any CPU
		{06A14920-78D4-4E06-8621-4BA245FDF2DE}.Release|Any CPU.ActiveCfg = Release|Any CPU
		{06A14920-78D4-4E06-8621-4BA245FDF2DE}.Release|Any CPU.Build.0 = Release|Any CPU
		{06A14920-78D4-4E06-8621-4BA245FDF2DE}.Release|x64.ActiveCfg = Release|Any CPU
		{06A14920-78D4-4E06-8621-4BA245FDF2DE}.Release|x64.Build.0 = Release|Any CPU
		{06A14920-78D4-4E06-8621-4BA245FDF2DE}.Release|x86.ActiveCfg = Release|Any CPU
		{06A14920-78D4-4E06-8621-4BA245FDF2DE}.Release|x86.Build.0 = Release|Any CPU
		{60504EE4-58E5-4263-831F-B5B607FDAB17}.Debug|Any CPU.ActiveCfg = Debug|Any CPU
		{60504EE4-58E5-4263-831F-B5B607FDAB17}.Debug|Any CPU.Build.0 = Debug|Any CPU
		{60504EE4-58E5-4263-831F-B5B607FDAB17}.Debug|x64.ActiveCfg = Debug|Any CPU
		{60504EE4-58E5-4263-831F-B5B607FDAB17}.Debug|x64.Build.0 = Debug|Any CPU
		{60504EE4-58E5-4263-831F-B5B607FDAB17}.Debug|x86.ActiveCfg = Debug|Any CPU
		{60504EE4-58E5-4263-831F-B5B607FDAB17}.Debug|x86.Build.0 = Debug|Any CPU
		{60504EE4-58E5-4263-831F-B5B607FDAB17}.Release|Any CPU.ActiveCfg = Release|Any CPU
		{60504EE4-58E5-4263-831F-B5B607FDAB17}.Release|Any CPU.Build.0 = Release|Any CPU
		{60504EE4-58E5-4263-831F-B5B607FDAB17}.Release|x64.ActiveCfg = Release|Any CPU
		{60504EE4-58E5-4263-831F-B5B607FDAB17}.Release|x64.Build.0 = Release|Any CPU
		{60504EE4-58E5-4263-831F-B5B607FDAB17}.Release|x86.ActiveCfg = Release|Any CPU
		{60504EE4-58E5-4263-831F-B5B607FDAB17}.Release|x86.Build.0 = Release|Any CPU
		{48BDE287-C4CE-4A0B-8BA8-56AA89D674D3}.Debug|Any CPU.ActiveCfg = Debug|Any CPU
		{48BDE287-C4CE-4A0B-8BA8-56AA89D674D3}.Debug|Any CPU.Build.0 = Debug|Any CPU
		{48BDE287-C4CE-4A0B-8BA8-56AA89D674D3}.Debug|x64.ActiveCfg = Debug|Any CPU
		{48BDE287-C4CE-4A0B-8BA8-56AA89D674D3}.Debug|x64.Build.0 = Debug|Any CPU
		{48BDE287-C4CE-4A0B-8BA8-56AA89D674D3}.Debug|x86.ActiveCfg = Debug|Any CPU
		{48BDE287-C4CE-4A0B-8BA8-56AA89D674D3}.Debug|x86.Build.0 = Debug|Any CPU
		{48BDE287-C4CE-4A0B-8BA8-56AA89D674D3}.Release|Any CPU.ActiveCfg = Release|Any CPU
		{48BDE287-C4CE-4A0B-8BA8-56AA89D674D3}.Release|Any CPU.Build.0 = Release|Any CPU
		{48BDE287-C4CE-4A0B-8BA8-56AA89D674D3}.Release|x64.ActiveCfg = Release|Any CPU
		{48BDE287-C4CE-4A0B-8BA8-56AA89D674D3}.Release|x64.Build.0 = Release|Any CPU
		{48BDE287-C4CE-4A0B-8BA8-56AA89D674D3}.Release|x86.ActiveCfg = Release|Any CPU
		{48BDE287-C4CE-4A0B-8BA8-56AA89D674D3}.Release|x86.Build.0 = Release|Any CPU
	EndGlobalSection
	GlobalSection(SolutionProperties) = preSolution
		HideSolutionNode = FALSE
	EndGlobalSection
EndGlobal
